{
  "name": "@minecraft-js/proxies",
  "version": "1.0.0",
  "lockfileVersion": 2,
  "requires": true,
  "packages": {
    "": {
      "name": "@minecraft-js/proxies",
      "version": "1.0.0",
      "hasInstallScript": true,
      "license": "MIT",
      "dependencies": {
        "@minecraft-js/bufwrapper": "^1.0.1"
      },
      "devDependencies": {
        "@types/node": "^18.7.14",
        "prettier": "^2.6.1",
        "typed-emitter": "^2.1.0",
        "typedoc": "^0.23.11",
        "typescript": "^4.6.3"
      },
      "engines": {
        "node": ">=18.x"
      },
      "peerDependencies": {
        "@minecraft-js/protocol-1.8": "^1.0.0"
      }
    },
    "node_modules/@minecraft-js/bufwrapper": {
      "version": "1.4.6",
      "resolved": "https://registry.npmjs.org/@minecraft-js/bufwrapper/-/bufwrapper-1.4.6.tgz",
      "integrity": "sha512-+VD3Zq2S3q4EHsHNCFmNJKJbVSNBFROxMKEmwnC43GP2/AI+kb/gDro4UOq3lup4EGK0xNPTejUe1Qjq/sXt3Q==",
      "dependencies": {
        "@minecraft-js/uuid": "^1.0.3",
        "varint": "^6.0.0"
      }
    },
    "node_modules/@minecraft-js/protocol-1.8": {
      "version": "1.0.0",
      "resolved": "https://registry.npmjs.org/@minecraft-js/protocol-1.8/-/protocol-1.8-1.0.0.tgz",
      "integrity": "sha512-oI9+eMv1P8eEVpRxpFEPzmS1x5ZgyKxNy9NoKp4Jq8nu19TdFaKpEJmCpsr38DPBM+/DoJGDno/hDU7Ecog0aQ==",
      "peer": true,
      "dependencies": {
        "@minecraft-js/bufwrapper": "^1.4.4"
      },
      "engines": {
        "node": ">=18.x"
      }
    },
    "node_modules/@minecraft-js/uuid": {
      "version": "1.0.3",
      "resolved": "https://registry.npmjs.org/@minecraft-js/uuid/-/uuid-1.0.3.tgz",
      "integrity": "sha512-IOomvwaBUGctcSreU2QFLwlQoFyJItBrsEt9sMFylg7+cyuS7IwoMFvbbfeC3uFrfmudQQqD8/TUOG4zcbHGVg==",
      "engines": {
        "node": ">=18.x"
      }
    },
    "node_modules/@types/node": {
      "version": "18.7.14",
      "resolved": "https://registry.npmjs.org/@types/node/-/node-18.7.14.tgz",
      "integrity": "sha512-6bbDaETVi8oyIARulOE9qF1/Qdi/23z6emrUh0fNJRUmjznqrixD4MpGDdgOFk5Xb0m2H6Xu42JGdvAxaJR/wA==",
      "dev": true
    },
    "node_modules/balanced-match": {
      "version": "1.0.2",
      "resolved": "https://registry.npmjs.org/balanced-match/-/balanced-match-1.0.2.tgz",
      "integrity": "sha512-3oSeUO0TMV67hN1AmbXsK4yaqU7tjiHlbxRDZOpH0KW9+CeX4bRAaX0Anxt0tx2MrpRpWwQaPwIlISEJhYU5Pw==",
      "dev": true
    },
    "node_modules/brace-expansion": {
      "version": "2.0.1",
      "resolved": "https://registry.npmjs.org/brace-expansion/-/brace-expansion-2.0.1.tgz",
      "integrity": "sha512-XnAIvQ8eM+kC6aULx6wuQiwVsnzsi9d3WxzV3FpWTGA19F621kwdbsAcFKXgKUHZWsy+mY6iL1sHTxWEFCytDA==",
      "dev": true,
      "dependencies": {
        "balanced-match": "^1.0.0"
      }
    },
    "node_modules/jsonc-parser": {
      "version": "3.2.0",
      "resolved": "https://registry.npmjs.org/jsonc-parser/-/jsonc-parser-3.2.0.tgz",
      "integrity": "sha512-gfFQZrcTc8CnKXp6Y4/CBT3fTc0OVuDofpre4aEeEpSBPV5X5v4+Vmx+8snU7RLPrNHPKSgLxGo9YuQzz20o+w==",
      "dev": true
    },
    "node_modules/lunr": {
      "version": "2.3.9",
      "resolved": "https://registry.npmjs.org/lunr/-/lunr-2.3.9.tgz",
      "integrity": "sha512-zTU3DaZaF3Rt9rhN3uBMGQD3dD2/vFQqnvZCDv4dl5iOzq2IZQqTxu90r4E5J+nP70J3ilqVCrbho2eWaeW8Ow==",
      "dev": true
    },
    "node_modules/marked": {
      "version": "4.1.0",
      "resolved": "https://registry.npmjs.org/marked/-/marked-4.1.0.tgz",
      "integrity": "sha512-+Z6KDjSPa6/723PQYyc1axYZpYYpDnECDaU6hkaf5gqBieBkMKYReL5hteF2QizhlMbgbo8umXl/clZ67+GlsA==",
      "dev": true,
      "bin": {
        "marked": "bin/marked.js"
      },
      "engines": {
        "node": ">= 12"
      }
    },
    "node_modules/minimatch": {
      "version": "5.1.0",
      "resolved": "https://registry.npmjs.org/minimatch/-/minimatch-5.1.0.tgz",
      "integrity": "sha512-9TPBGGak4nHfGZsPBohm9AWg6NoT7QTCehS3BIJABslyZbzxfV78QM2Y6+i741OPZIafFAaiiEMh5OyIrJPgtg==",
      "dev": true,
      "dependencies": {
        "brace-expansion": "^2.0.1"
      },
      "engines": {
        "node": ">=10"
      }
    },
    "node_modules/prettier": {
      "version": "2.6.1",
      "resolved": "https://registry.npmjs.org/prettier/-/prettier-2.6.1.tgz",
      "integrity": "sha512-8UVbTBYGwN37Bs9LERmxCPjdvPxlEowx2urIL6urHzdb3SDq4B/Z6xLFCblrSnE4iKWcS6ziJ3aOYrc1kz/E2A==",
      "dev": true,
      "bin": {
        "prettier": "bin-prettier.js"
      },
      "engines": {
        "node": ">=10.13.0"
      },
      "funding": {
        "url": "https://github.com/prettier/prettier?sponsor=1"
      }
    },
    "node_modules/rxjs": {
      "version": "7.5.5",
      "resolved": "https://registry.npmjs.org/rxjs/-/rxjs-7.5.5.tgz",
      "integrity": "sha512-sy+H0pQofO95VDmFLzyaw9xNJU4KTRSwQIGM6+iG3SypAtCiLDzpeG8sJrNCWn2Up9km+KhkvTdbkrdy+yzZdw==",
      "dev": true,
      "optional": true,
      "dependencies": {
        "tslib": "^2.1.0"
      }
    },
    "node_modules/shiki": {
      "version": "0.11.1",
      "resolved": "https://registry.npmjs.org/shiki/-/shiki-0.11.1.tgz",
      "integrity": "sha512-EugY9VASFuDqOexOgXR18ZV+TbFrQHeCpEYaXamO+SZlsnT/2LxuLBX25GGtIrwaEVFXUAbUQ601SWE2rMwWHA==",
      "dev": true,
      "dependencies": {
        "jsonc-parser": "^3.0.0",
        "vscode-oniguruma": "^1.6.1",
        "vscode-textmate": "^6.0.0"
      }
    },
    "node_modules/tslib": {
      "version": "2.3.1",
      "resolved": "https://registry.npmjs.org/tslib/-/tslib-2.3.1.tgz",
      "integrity": "sha512-77EbyPPpMz+FRFRuAFlWMtmgUWGe9UOG2Z25NqCwiIjRhOf5iKGuzSe5P2w1laq+FkRy4p+PCuVkJSGkzTEKVw==",
      "dev": true,
      "optional": true
    },
    "node_modules/typed-emitter": {
      "version": "2.1.0",
      "resolved": "https://registry.npmjs.org/typed-emitter/-/typed-emitter-2.1.0.tgz",
      "integrity": "sha512-g/KzbYKbH5C2vPkaXGu8DJlHrGKHLsM25Zg9WuC9pMGfuvT+X25tZQWo5fK1BjBm8+UrVE9LDCvaY0CQk+fXDA==",
      "dev": true,
      "optionalDependencies": {
        "rxjs": "*"
      }
    },
    "node_modules/typedoc": {
      "version": "0.23.15",
      "resolved": "https://registry.npmjs.org/typedoc/-/typedoc-0.23.15.tgz",
      "integrity": "sha512-x9Zu+tTnwxb9YdVr+zvX7LYzyBl1nieOr6lrSHbHsA22/RJK2m4Y525WIg5Mj4jWCmfL47v6f4hUzY7EIuwS5w==",
      "dev": true,
      "dependencies": {
        "lunr": "^2.3.9",
        "marked": "^4.0.19",
        "minimatch": "^5.1.0",
        "shiki": "^0.11.1"
      },
      "bin": {
        "typedoc": "bin/typedoc"
      },
      "engines": {
        "node": ">= 14.14"
      },
      "peerDependencies": {
        "typescript": "4.6.x || 4.7.x || 4.8.x"
      }
    },
    "node_modules/typescript": {
      "version": "4.8.2",
      "resolved": "https://registry.npmjs.org/typescript/-/typescript-4.8.2.tgz",
      "integrity": "sha512-C0I1UsrrDHo2fYI5oaCGbSejwX4ch+9Y5jTQELvovfmFkK3HHSZJB8MSJcWLmCUBzQBchCrZ9rMRV6GuNrvGtw==",
      "dev": true,
      "bin": {
        "tsc": "bin/tsc",
        "tsserver": "bin/tsserver"
      },
      "engines": {
        "node": ">=4.2.0"
      }
    },
    "node_modules/varint": {
      "version": "6.0.0",
      "resolved": "https://registry.npmjs.org/varint/-/varint-6.0.0.tgz",
      "integrity": "sha512-cXEIW6cfr15lFv563k4GuVuW/fiwjknytD37jIOLSdSWuOI6WnO/oKwmP2FQTU2l01LP8/M5TSAJpzUaGe3uWg=="
    },
    "node_modules/vscode-oniguruma": {
      "version": "1.6.2",
      "resolved": "https://registry.npmjs.org/vscode-oniguruma/-/vscode-oniguruma-1.6.2.tgz",
      "integrity": "sha512-KH8+KKov5eS/9WhofZR8M8dMHWN2gTxjMsG4jd04YhpbPR91fUj7rYQ2/XjeHCJWbg7X++ApRIU9NUwM2vTvLA==",
      "dev": true
    },
    "node_modules/vscode-textmate": {
      "version": "6.0.0",
      "resolved": "https://registry.npmjs.org/vscode-textmate/-/vscode-textmate-6.0.0.tgz",
      "integrity": "sha512-gu73tuZfJgu+mvCSy4UZwd2JXykjK9zAZsfmDeut5dx/1a7FeTk0XwJsSuqQn+cuMCGVbIBfl+s53X4T19DnzQ==",
      "dev": true
    }
  },
  "dependencies": {
    "@minecraft-js/bufwrapper": {
      "version": "1.4.6",
      "resolved": "https://registry.npmjs.org/@minecraft-js/bufwrapper/-/bufwrapper-1.4.6.tgz",
      "integrity": "sha512-+VD3Zq2S3q4EHsHNCFmNJKJbVSNBFROxMKEmwnC43GP2/AI+kb/gDro4UOq3lup4EGK0xNPTejUe1Qjq/sXt3Q==",
      "requires": {
        "@minecraft-js/uuid": "^1.0.3",
        "varint": "^6.0.0"
      }
    },
    "@minecraft-js/protocol-1.8": {
      "version": "1.0.0",
      "resolved": "https://registry.npmjs.org/@minecraft-js/protocol-1.8/-/protocol-1.8-1.0.0.tgz",
      "integrity": "sha512-oI9+eMv1P8eEVpRxpFEPzmS1x5ZgyKxNy9NoKp4Jq8nu19TdFaKpEJmCpsr38DPBM+/DoJGDno/hDU7Ecog0aQ==",
      "peer": true,
      "requires": {
        "@minecraft-js/bufwrapper": "^1.4.4"
      }
    },
    "@minecraft-js/uuid": {
      "version": "1.0.3",
      "resolved": "https://registry.npmjs.org/@minecraft-js/uuid/-/uuid-1.0.3.tgz",
      "integrity": "sha512-IOomvwaBUGctcSreU2QFLwlQoFyJItBrsEt9sMFylg7+cyuS7IwoMFvbbfeC3uFrfmudQQqD8/TUOG4zcbHGVg=="
    },
    "@types/node": {
      "version": "18.7.14",
      "resolved": "https://registry.npmjs.org/@types/node/-/node-18.7.14.tgz",
      "integrity": "sha512-6bbDaETVi8oyIARulOE9qF1/Qdi/23z6emrUh0fNJRUmjznqrixD4MpGDdgOFk5Xb0m2H6Xu42JGdvAxaJR/wA==",
      "dev": true
    },
    "balanced-match": {
      "version": "1.0.2",
      "resolved": "https://registry.npmjs.org/balanced-match/-/balanced-match-1.0.2.tgz",
      "integrity": "sha512-3oSeUO0TMV67hN1AmbXsK4yaqU7tjiHlbxRDZOpH0KW9+CeX4bRAaX0Anxt0tx2MrpRpWwQaPwIlISEJhYU5Pw==",
      "dev": true
    },
    "brace-expansion": {
      "version": "2.0.1",
      "resolved": "https://registry.npmjs.org/brace-expansion/-/brace-expansion-2.0.1.tgz",
      "integrity": "sha512-XnAIvQ8eM+kC6aULx6wuQiwVsnzsi9d3WxzV3FpWTGA19F621kwdbsAcFKXgKUHZWsy+mY6iL1sHTxWEFCytDA==",
      "dev": true,
      "requires": {
        "balanced-match": "^1.0.0"
      }
    },
    "jsonc-parser": {
      "version": "3.2.0",
      "resolved": "https://registry.npmjs.org/jsonc-parser/-/jsonc-parser-3.2.0.tgz",
      "integrity": "sha512-gfFQZrcTc8CnKXp6Y4/CBT3fTc0OVuDofpre4aEeEpSBPV5X5v4+Vmx+8snU7RLPrNHPKSgLxGo9YuQzz20o+w==",
      "dev": true
    },
    "lunr": {
      "version": "2.3.9",
      "resolved": "https://registry.npmjs.org/lunr/-/lunr-2.3.9.tgz",
      "integrity": "sha512-zTU3DaZaF3Rt9rhN3uBMGQD3dD2/vFQqnvZCDv4dl5iOzq2IZQqTxu90r4E5J+nP70J3ilqVCrbho2eWaeW8Ow==",
      "dev": true
    },
    "marked": {
      "version": "4.1.0",
      "resolved": "https://registry.npmjs.org/marked/-/marked-4.1.0.tgz",
      "integrity": "sha512-+Z6KDjSPa6/723PQYyc1axYZpYYpDnECDaU6hkaf5gqBieBkMKYReL5hteF2QizhlMbgbo8umXl/clZ67+GlsA==",
      "dev": true
    },
    "minimatch": {
      "version": "5.1.0",
      "resolved": "https://registry.npmjs.org/minimatch/-/minimatch-5.1.0.tgz",
      "integrity": "sha512-9TPBGGak4nHfGZsPBohm9AWg6NoT7QTCehS3BIJABslyZbzxfV78QM2Y6+i741OPZIafFAaiiEMh5OyIrJPgtg==",
      "dev": true,
      "requires": {
        "brace-expansion": "^2.0.1"
      }
    },
    "prettier": {
      "version": "2.6.1",
      "resolved": "https://registry.npmjs.org/prettier/-/prettier-2.6.1.tgz",
      "integrity": "sha512-8UVbTBYGwN37Bs9LERmxCPjdvPxlEowx2urIL6urHzdb3SDq4B/Z6xLFCblrSnE4iKWcS6ziJ3aOYrc1kz/E2A==",
      "dev": true
    },
    "rxjs": {
      "version": "7.5.5",
      "resolved": "https://registry.npmjs.org/rxjs/-/rxjs-7.5.5.tgz",
      "integrity": "sha512-sy+H0pQofO95VDmFLzyaw9xNJU4KTRSwQIGM6+iG3SypAtCiLDzpeG8sJrNCWn2Up9km+KhkvTdbkrdy+yzZdw==",
      "dev": true,
      "optional": true,
      "requires": {
        "tslib": "^2.1.0"
      }
    },
    "shiki": {
      "version": "0.11.1",
      "resolved": "https://registry.npmjs.org/shiki/-/shiki-0.11.1.tgz",
      "integrity": "sha512-EugY9VASFuDqOexOgXR18ZV+TbFrQHeCpEYaXamO+SZlsnT/2LxuLBX25GGtIrwaEVFXUAbUQ601SWE2rMwWHA==",
      "dev": true,
      "requires": {
        "jsonc-parser": "^3.0.0",
        "vscode-oniguruma": "^1.6.1",
        "vscode-textmate": "^6.0.0"
      }
    },
    "tslib": {
      "version": "2.3.1",
      "resolved": "https://registry.npmjs.org/tslib/-/tslib-2.3.1.tgz",
      "integrity": "sha512-77EbyPPpMz+FRFRuAFlWMtmgUWGe9UOG2Z25NqCwiIjRhOf5iKGuzSe5P2w1laq+FkRy4p+PCuVkJSGkzTEKVw==",
      "dev": true,
      "optional": true
    },
    "typed-emitter": {
      "version": "2.1.0",
      "resolved": "https://registry.npmjs.org/typed-emitter/-/typed-emitter-2.1.0.tgz",
      "integrity": "sha512-g/KzbYKbH5C2vPkaXGu8DJlHrGKHLsM25Zg9WuC9pMGfuvT+X25tZQWo5fK1BjBm8+UrVE9LDCvaY0CQk+fXDA==",
      "dev": true,
      "requires": {
        "rxjs": "*"
      }
    },
    "typedoc": {
      "version": "0.23.15",
      "resolved": "https://registry.npmjs.org/typedoc/-/typedoc-0.23.15.tgz",
      "integrity": "sha512-x9Zu+tTnwxb9YdVr+zvX7LYzyBl1nieOr6lrSHbHsA22/RJK2m4Y525WIg5Mj4jWCmfL47v6f4hUzY7EIuwS5w==",
      "dev": true,
      "requires": {
        "lunr": "^2.3.9",
        "marked": "^4.0.19",
        "minimatch": "^5.1.0",
        "shiki": "^0.11.1"
      }
    },
    "typescript": {
      "version": "4.8.2",
      "resolved": "https://registry.npmjs.org/typescript/-/typescript-4.8.2.tgz",
      "integrity": "sha512-C0I1UsrrDHo2fYI5oaCGbSejwX4ch+9Y5jTQELvovfmFkK3HHSZJB8MSJcWLmCUBzQBchCrZ9rMRV6GuNrvGtw==",
      "dev": true
    },
    "varint": {
      "version": "6.0.0",
      "resolved": "https://registry.npmjs.org/varint/-/varint-6.0.0.tgz",
      "integrity": "sha512-cXEIW6cfr15lFv563k4GuVuW/fiwjknytD37jIOLSdSWuOI6WnO/oKwmP2FQTU2l01LP8/M5TSAJpzUaGe3uWg=="
    },
    "vscode-oniguruma": {
      "version": "1.6.2",
      "resolved": "https://registry.npmjs.org/vscode-oniguruma/-/vscode-oniguruma-1.6.2.tgz",
      "integrity": "sha512-KH8+KKov5eS/9WhofZR8M8dMHWN2gTxjMsG4jd04YhpbPR91fUj7rYQ2/XjeHCJWbg7X++ApRIU9NUwM2vTvLA==",
      "dev": true
    },
    "vscode-textmate": {
      "version": "6.0.0",
      "resolved": "https://registry.npmjs.org/vscode-textmate/-/vscode-textmate-6.0.0.tgz",
      "integrity": "sha512-gu73tuZfJgu+mvCSy4UZwd2JXykjK9zAZsfmDeut5dx/1a7FeTk0XwJsSuqQn+cuMCGVbIBfl+s53X4T19DnzQ==",
      "dev": true
    }
  }
}
